// !$*UTF8*$!
{
	archiveVersion = 1;
	classes = {
	};
	objectVersion = 46;
	objects = {

/* Begin PBXBuildFile section */
		992AA4711C742FCB00B896F0 /* AppDelegate.swift in Sources */ = {isa = PBXBuildFile; fileRef = 992AA4701C742FCB00B896F0 /* AppDelegate.swift */; };
		992AA4731C742FCB00B896F0 /* ViewController.swift in Sources */ = {isa = PBXBuildFile; fileRef = 992AA4721C742FCB00B896F0 /* ViewController.swift */; };
		992AA4761C742FCB00B896F0 /* Main.storyboard in Resources */ = {isa = PBXBuildFile; fileRef = 992AA4741C742FCB00B896F0 /* Main.storyboard */; };
		992AA4781C742FCB00B896F0 /* Assets.xcassets in Resources */ = {isa = PBXBuildFile; fileRef = 992AA4771C742FCB00B896F0 /* Assets.xcassets */; };
		992AA47B1C742FCB00B896F0 /* LaunchScreen.storyboard in Resources */ = {isa = PBXBuildFile; fileRef = 992AA4791C742FCB00B896F0 /* LaunchScreen.storyboard */; };
/* End PBXBuildFile section */

/* Begin PBXFileReference section */
		992AA46D1C742FCB00B896F0 /* Pio.app */ = {isa = PBXFileReference; explicitFileType = wrapper.application; includeInIndex = 0; path = Pio.app; sourceTree = BUILT_PRODUCTS_DIR; };
		992AA4701C742FCB00B896F0 /* AppDelegate.swift */ = {isa = PBXFileReference; lastKnownFileType = sourcecode.swift; path = AppDelegate.swift; sourceTree = "<group>"; };
		992AA4721C742FCB00B896F0 /* ViewController.swift */ = {isa = PBXFileReference; lastKnownFileType = sourcecode.swift; path = ViewController.swift; sourceTree = "<group>"; };
		992AA4751C742FCB00B896F0 /* Base */ = {isa = PBXFileReference; lastKnownFileType = file.storyboard; name = Base; path = Base.lproj/Main.storyboard; sourceTree = "<group>"; };
		992AA4771C742FCB00B896F0 /* Assets.xcassets */ = {isa = PBXFileReference; lastKnownFileType = folder.assetcatalog; path = Assets.xcassets; sourceTree = "<group>"; };
		992AA47A1C742FCB00B896F0 /* Base */ = {isa = PBXFileReference; lastKnownFileType = file.storyboard; name = Base; path = Base.lproj/LaunchScreen.storyboard; sourceTree = "<group>"; };
		992AA47C1C742FCB00B896F0 /* Info.plist */ = {isa = PBXFileReference; lastKnownFileType = text.plist.xml; path = Info.plist; sourceTree = "<group>"; };
/* End PBXFileReference section */

/* Begin PBXFrameworksBuildPhase section */
		992AA46A1C742FCB00B896F0 /* Frameworks */ = {
			isa = PBXFrameworksBuildPhase;
			buildActionMask = 2147483647;
			files = (
			);
			runOnlyForDeploymentPostprocessing = 0;
		};
/* End PBXFrameworksBuildPhase section */

/* Begin PBXGroup section */
		992AA4641C742FCB00B896F0 = {
			isa = PBXGroup;
			children = (
				992AA46F1C742FCB00B896F0 /* Pio */,
				992AA46E1C742FCB00B896F0 /* Products */,
			);
			sourceTree = "<group>";
		};
		992AA46E1C742FCB00B896F0 /* Products */ = {
			isa = PBXGroup;
			children = (
				992AA46D1C742FCB00B896F0 /* Pio.app */,
			);
			name = Products;
			sourceTree = "<group>";
		};
		992AA46F1C742FCB00B896F0 /* Pio */ = {
			isa = PBXGroup;
			children = (
				992AA4701C742FCB00B896F0 /* AppDelegate.swift */,
				992AA4721C742FCB00B896F0 /* ViewController.swift */,
				992AA4741C742FCB00B896F0 /* Main.storyboard */,
				992AA4771C742FCB00B896F0 /* Assets.xcassets */,
				992AA4791C742FCB00B896F0 /* LaunchScreen.storyboard */,
				992AA47C1C742FCB00B896F0 /* Info.plist */,
			);
			path = Pio;
			sourceTree = "<group>";
		};
/* End PBXGroup section */

/* Begin PBXNativeTarget section */
		992AA46C1C742FCB00B896F0 /* Pio */ = {
			isa = PBXNativeTarget;
			buildConfigurationList = 992AA47F1C742FCB00B896F0 /* Build configuration list for PBXNativeTarget "Pio" */;
			buildPhases = (
				992AA4691C742FCB00B896F0 /* Sources */,
				992AA46A1C742FCB00B896F0 /* Frameworks */,
				992AA46B1C742FCB00B896F0 /* Resources */,
			);
			buildRules = (
			);
			dependencies = (
			);
			name = Pio;
			productName = Pio;
			productReference = 992AA46D1C742FCB00B896F0 /* Pio.app */;
			productType = "com.apple.product-type.application";
		};
/* End PBXNativeTarget section */

/* Begin PBXProject section */
		992AA4651C742FCB00B896F0 /* Project object */ = {
			isa = PBXProject;
			attributes = {
				LastSwiftUpdateCheck = 0720;
				LastUpgradeCheck = 0720;
				ORGANIZATIONNAME = Orion;
				TargetAttributes = {
					992AA46C1C742FCB00B896F0 = {
						CreatedOnToolsVersion = 7.2.1;
						DevelopmentTeam = Y7W4KP26TC;
					};
				};
			};
			buildConfigurationList = 992AA4681C742FCB00B896F0 /* Build configuration list for PBXProject "Pio" */;
			compatibilityVersion = "Xcode 3.2";
			developmentRegion = English;
			hasScannedForEncodings = 0;
			knownRegions = (
				en,
				Base,
			);
			mainGroup = 992AA4641C742FCB00B896F0;
			productRefGroup = 992AA46E1C742FCB00B896F0 /* Products */;
			projectDirPath = "";
			projectRoot = "";
			targets = (
				992AA46C1C742FCB00B896F0 /* Pio */,
			);
		};
/* End PBXProject section */

/* Begin PBXResourcesBuildPhase section */
		992AA46B1C742FCB00B896F0 /* Resources */ = {
			isa = PBXResourcesBuildPhase;
			buildActionMask = 2147483647;
			files = (
				992AA47B1C742FCB00B896F0 /* LaunchScreen.storyboard in Resources */,
				992AA4781C742FCB00B896F0 /* Assets.xcassets in Resources */,
				992AA4761C742FCB00B896F0 /* Main.storyboard in Resources */,
			);
			runOnlyForDeploymentPostprocessing = 0;
		};
/* End PBXResourcesBuildPhase section */

/* Begin PBXSourcesBuildPhase section */
		992AA4691C742FCB00B896F0 /* Sources */ = {
			isa = PBXSourcesBuildPhase;
			buildActionMask = 2147483647;
			files = (
				992AA4731C742FCB00B896F0 /* ViewController.swift in Sources */,
				992AA4711C742FCB00B896F0 /* AppDelegate.swift in Sources */,
			);
			runOnlyForDeploymentPostprocessing = 0;
		};
/* End PBXSourcesBuildPhase section */

/* Begin PBXVariantGroup section */
		992AA4741C742FCB00B896F0 /* Main.storyboard */ = {
			isa = PBXVariantGroup;
			children = (
				992AA4751C742FCB00B896F0 /* Base */,
			);
			name = Main.storyboard;
			sourceTree = "<group>";
		};
		992AA4791C742FCB00B896F0 /* LaunchScreen.storyboard */ = {
			isa = PBXVariantGroup;
			children = (
				992AA47A1C742FCB00B896F0 /* Base */,
			);
			name = LaunchScreen.storyboard;
			sourceTree = "<group>";
		};
/* End PBXVariantGroup section */

/* Begin XCBuildConfiguration section */
		992AA47D1C742FCB00B896F0 /* Debug */ = {
			isa = XCBuildConfiguration;
			buildSettings = {
				ALWAYS_SEARCH_USER_PATHS = NO;
				CLANG_CXX_LANGUAGE_STANDARD = "gnu++0x";
				CLANG_CXX_LIBRARY = "libc++";
				CLANG_ENABLE_MODULES = YES;
				CLANG_ENABLE_OBJC_ARC = YES;
				CLANG_WARN_BOOL_CONVERSION = YES;
				CLANG_WARN_CONSTANT_CONVERSION = YES;
				CLANG_WARN_DIRECT_OBJC_ISA_USAGE = YES_ERROR;
				CLANG_WARN_EMPTY_BODY = YES;
				CLANG_WARN_ENUM_CONVERSION = YES;
				CLANG_WARN_INT_CONVERSION = YES;
				CLANG_WARN_OBJC_ROOT_CLASS = YES_ERROR;
				CLANG_WARN_UNREACHABLE_CODE = YES;
				CLANG_WARN__DUPLICATE_METHOD_MATCH = YES;
				"CODE_SIGN_IDENTITY[sdk=iphoneos*]" = "iPhone Developer";
				COPY_PHASE_STRIP = NO;
				DEBUG_INFORMATION_FORMAT = dwarf;
				ENABLE_STRICT_OBJC_MSGSEND = YES;
				ENABLE_TESTABILITY = YES;
				GCC_C_LANGUAGE_STANDARD = gnu99;
				GCC_DYNAMIC_NO_PIC = NO;
				GCC_NO_COMMON_BLOCKS = YES;
				GCC_OPTIMIZATION_LEVEL = 0;
				GCC_PREPROCESSOR_DEFINITIONS = (
					"DEBUG=1",
					"$(inherited)",
				);
				GCC_WARN_64_TO_32_BIT_CONVERSION = YES;
				GCC_WARN_ABOUT_RETURN_TYPE = YES_ERROR;
				GCC_WARN_UNDECLARED_SELECTOR = YES;
				GCC_WARN_UNINITIALIZED_AUTOS = YES_AGGRESSIVE;
				GCC_WARN_UNUSED_FUNCTION = YES;
				GCC_WARN_UNUSED_VARIABLE = YES;
				IPHONEOS_DEPLOYMENT_TARGET = 9.2;
				MTL_ENABLE_DEBUG_INFO = YES;
				ONLY_ACTIVE_ARCH = YES;
				SDKROOT = iphoneos;
				SWIFT_OPTIMIZATION_LEVEL = "-Onone";
			};
			name = Debug;
		};
		992AA47E1C742FCB00B896F0 /* Release */ = {
			isa = XCBuildConfiguration;
			buildSettings = {
				ALWAYS_SEARCH_USER_PATHS = NO;
				CLANG_CXX_LANGUAGE_STANDARD = "gnu++0x";
				CLANG_CXX_LIBRARY = "libc++";
				CLANG_ENABLE_MODULES = YES;
				CLANG_ENABLE_OBJC_ARC = YES;
				CLANG_WARN_BOOL_CONVERSION = YES;
				CLANG_WARN_CONSTANT_CONVERSION = YES;
				CLANG_WARN_DIRECT_OBJC_ISA_USAGE = YES_ERROR;
				CLANG_WARN_EMPTY_BODY = YES;
				CLANG_WARN_ENUM_CONVERSION = YES;
				CLANG_WARN_INT_CONVERSION = YES;
				CLANG_WARN_OBJC_ROOT_CLASS = YES_ERROR;
				CLANG_WARN_UNREACHABLE_CODE = YES;
				CLANG_WARN__DUPLICATE_METHOD_MATCH = YES;
				"CODE_SIGN_IDENTITY[sdk=iphoneos*]" = "iPhone Developer";
				COPY_PHASE_STRIP = NO;
				DEBUG_INFORMATION_FORMAT = "dwarf-with-dsym";
				ENABLE_NS_ASSERTIONS = NO;
				ENABLE_STRICT_OBJC_MSGSEND = YES;
				GCC_C_LANGUAGE_STANDARD = gnu99;
				GCC_NO_COMMON_BLOCKS = YES;
				GCC_WARN_64_TO_32_BIT_CONVERSION = YES;
				GCC_WARN_ABOUT_RETURN_TYPE = YES_ERROR;
				GCC_WARN_UNDECLARED_SELECTOR = YES;
				GCC_WARN_UNINITIALIZED_AUTOS = YES_AGGRESSIVE;
				GCC_WARN_UNUSED_FUNCTION = YES;
				GCC_WARN_UNUSED_VARIABLE = YES;
				IPHONEOS_DEPLOYMENT_TARGET = 9.2;
				MTL_ENABLE_DEBUG_INFO = NO;
				SDKROOT = iphoneos;
				VALIDATE_PRODUCT = YES;
			};
			name = Release;
		};
		992AA4801C742FCB00B896F0 /* Debug */ = {
			isa = XCBuildConfiguration;
			buildSettings = {
				ASSETCATALOG_COMPILER_APPICON_NAME = AppIcon;
				INFOPLIST_FILE = Pio/Info.plist;
				LD_RUNPATH_SEARCH_PATHS = "$(inherited) @executable_path/Frameworks";
				PRODUCT_BUNDLE_IDENTIFIER = it.oriani.Pio;
				PRODUCT_NAME = "$(TARGET_NAME)";
			};
			name = Debug;
		};
		992AA4811C742FCB00B896F0 /* Release */ = {
			isa = XCBuildConfiguration;
			buildSettings = {
				ASSETCATALOG_COMPILER_APPICON_NAME = AppIcon;
				INFOPLIST_FILE = Pio/Info.plist;
				LD_RUNPATH_SEARCH_PATHS = "$(inherited) @executable_path/Frameworks";
				PRODUCT_BUNDLE_IDENTIFIER = it.oriani.Pio;
				PRODUCT_NAME = "$(TARGET_NAME)";
			};
			name = Release;
		};
/* End XCBuildConfiguration section */

/* Begin XCConfigurationList section */
		992AA4681C742FCB00B896F0 /* Build configuration list for PBXProject "Pio" */ = {
			isa = XCConfigurationList;
			buildConfigurations = (
				992AA47D1C742FCB00B896F0 /* Debug */,
				992AA47E1C742FCB00B896F0 /* Release */,
			);
			defaultConfigurationIsVisible = 0;
			defaultConfigurationName = Release;
		};
		992AA47F1C742FCB00B896F0 /* Build configuration list for PBXNativeTarget "Pio" */ = {
			isa = XCConfigurationList;
			buildConfigurations = (
				992AA4801C742FCB00B896F0 /* Debug */,
				992AA4811C742FCB00B896F0 /* Release */,
			);
			defaultConfigurationIsVisible = 0;
		};
/* End XCConfigurationList section */
	};
	rootObject = 992AA4651C742FCB00B896F0 /* Project object */;
}
