// !$*UTF8*$!
{
	archiveVersion = 1;
	classes = {
	};
	objectVersion = 46;
	objects = {

/* Begin PBXBuildFile section */
		992AA4711C742FCB00B896F0 /* AppDelegate.swift in Sources */ = {isa = PBXBuildFile; fileRef = 992AA4701C742FCB00B896F0 /* AppDelegate.swift */; };
		992AA4731C742FCB00B896F0 /* NoCredentialsViewController.swift in Sources */ = {isa = PBXBuildFile; fileRef = 992AA4721C742FCB00B896F0 /* NoCredentialsViewController.swift */; };
		992AA4761C742FCB00B896F0 /* Main.storyboard in Resources */ = {isa = PBXBuildFile; fileRef = 992AA4741C742FCB00B896F0 /* Main.storyboard */; };
		992AA4781C742FCB00B896F0 /* Assets.xcassets in Resources */ = {isa = PBXBuildFile; fileRef = 992AA4771C742FCB00B896F0 /* Assets.xcassets */; };
		992AA47B1C742FCB00B896F0 /* LaunchScreen.storyboard in Resources */ = {isa = PBXBuildFile; fileRef = 992AA4791C742FCB00B896F0 /* LaunchScreen.storyboard */; };
		992AA4841C7444BA00B896F0 /* TwitterService.swift in Sources */ = {isa = PBXBuildFile; fileRef = 992AA4831C7444BA00B896F0 /* TwitterService.swift */; };
		996971871C78732B0014777E /* Tweet.swift in Sources */ = {isa = PBXBuildFile; fileRef = 996971861C78732B0014777E /* Tweet.swift */; };
		996971891C79356B0014777E /* UIImageView+Loading.swift in Sources */ = {isa = PBXBuildFile; fileRef = 996971881C79356B0014777E /* UIImageView+Loading.swift */; };
		9969718D1C794C880014777E /* TweetTableViewCell.swift in Sources */ = {isa = PBXBuildFile; fileRef = 9969718C1C794C880014777E /* TweetTableViewCell.swift */; };
		996971901C79552A0014777E /* TweetDataSource.swift in Sources */ = {isa = PBXBuildFile; fileRef = 9969718F1C79552A0014777E /* TweetDataSource.swift */; };
		996971941C798D3A0014777E /* DialogUtils.swift in Sources */ = {isa = PBXBuildFile; fileRef = 996971931C798D3A0014777E /* DialogUtils.swift */; };
		996971961C79D05B0014777E /* TweetDetailsViewController.swift in Sources */ = {isa = PBXBuildFile; fileRef = 996971951C79D05B0014777E /* TweetDetailsViewController.swift */; };
		996971981C79D0880014777E /* ComposerViewController.swift in Sources */ = {isa = PBXBuildFile; fileRef = 996971971C79D0880014777E /* ComposerViewController.swift */; };
		999CAEAD1C76F51B00CECA57 /* StringExtensions.swift in Sources */ = {isa = PBXBuildFile; fileRef = 999CAEAC1C76F51B00CECA57 /* StringExtensions.swift */; };
		999CAEB11C771BFD00CECA57 /* User.swift in Sources */ = {isa = PBXBuildFile; fileRef = 999CAEB01C771BFD00CECA57 /* User.swift */; };
		999CAEB41C78313000CECA57 /* UserManager.swift in Sources */ = {isa = PBXBuildFile; fileRef = 999CAEB31C78313000CECA57 /* UserManager.swift */; };
		99A96B121C7850B800FC3577 /* TweetsViewController.swift in Sources */ = {isa = PBXBuildFile; fileRef = 99A96B111C7850B800FC3577 /* TweetsViewController.swift */; };
		C6168019DCDEB3D903C2BC9A /* Pods_Pio.framework in Frameworks */ = {isa = PBXBuildFile; fileRef = 662FBA258641DB11B061CEE1 /* Pods_Pio.framework */; };
/* End PBXBuildFile section */

/* Begin PBXFileReference section */
		1B3BFE8514F449D49BA77500 /* Pods-Pio.debug.xcconfig */ = {isa = PBXFileReference; includeInIndex = 1; lastKnownFileType = text.xcconfig; name = "Pods-Pio.debug.xcconfig"; path = "Pods/Target Support Files/Pods-Pio/Pods-Pio.debug.xcconfig"; sourceTree = "<group>"; };
		662FBA258641DB11B061CEE1 /* Pods_Pio.framework */ = {isa = PBXFileReference; explicitFileType = wrapper.framework; includeInIndex = 0; path = Pods_Pio.framework; sourceTree = BUILT_PRODUCTS_DIR; };
		96717D72404FEA42D2988AC1 /* Pods-Pio.release.xcconfig */ = {isa = PBXFileReference; includeInIndex = 1; lastKnownFileType = text.xcconfig; name = "Pods-Pio.release.xcconfig"; path = "Pods/Target Support Files/Pods-Pio/Pods-Pio.release.xcconfig"; sourceTree = "<group>"; };
		992AA46D1C742FCB00B896F0 /* Pio.app */ = {isa = PBXFileReference; explicitFileType = wrapper.application; includeInIndex = 0; path = Pio.app; sourceTree = BUILT_PRODUCTS_DIR; };
		992AA4701C742FCB00B896F0 /* AppDelegate.swift */ = {isa = PBXFileReference; lastKnownFileType = sourcecode.swift; path = AppDelegate.swift; sourceTree = "<group>"; };
		992AA4721C742FCB00B896F0 /* NoCredentialsViewController.swift */ = {isa = PBXFileReference; lastKnownFileType = sourcecode.swift; name = NoCredentialsViewController.swift; path = Pio/NoCredentialsViewController.swift; sourceTree = "<group>"; };
		992AA4751C742FCB00B896F0 /* Base */ = {isa = PBXFileReference; lastKnownFileType = file.storyboard; name = Base; path = Base.lproj/Main.storyboard; sourceTree = "<group>"; };
		992AA4771C742FCB00B896F0 /* Assets.xcassets */ = {isa = PBXFileReference; lastKnownFileType = folder.assetcatalog; path = Assets.xcassets; sourceTree = "<group>"; };
		992AA47A1C742FCB00B896F0 /* Base */ = {isa = PBXFileReference; lastKnownFileType = file.storyboard; name = Base; path = Base.lproj/LaunchScreen.storyboard; sourceTree = "<group>"; };
		992AA47C1C742FCB00B896F0 /* Info.plist */ = {isa = PBXFileReference; lastKnownFileType = text.plist.xml; path = Info.plist; sourceTree = "<group>"; };
		992AA4831C7444BA00B896F0 /* TwitterService.swift */ = {isa = PBXFileReference; fileEncoding = 4; lastKnownFileType = sourcecode.swift; path = TwitterService.swift; sourceTree = "<group>"; };
		996971861C78732B0014777E /* Tweet.swift */ = {isa = PBXFileReference; fileEncoding = 4; lastKnownFileType = sourcecode.swift; path = Tweet.swift; sourceTree = "<group>"; };
		996971881C79356B0014777E /* UIImageView+Loading.swift */ = {isa = PBXFileReference; fileEncoding = 4; lastKnownFileType = sourcecode.swift; path = "UIImageView+Loading.swift"; sourceTree = "<group>"; };
		9969718C1C794C880014777E /* TweetTableViewCell.swift */ = {isa = PBXFileReference; fileEncoding = 4; lastKnownFileType = sourcecode.swift; path = TweetTableViewCell.swift; sourceTree = "<group>"; };
		9969718F1C79552A0014777E /* TweetDataSource.swift */ = {isa = PBXFileReference; fileEncoding = 4; lastKnownFileType = sourcecode.swift; path = TweetDataSource.swift; sourceTree = "<group>"; };
		996971931C798D3A0014777E /* DialogUtils.swift */ = {isa = PBXFileReference; fileEncoding = 4; lastKnownFileType = sourcecode.swift; path = DialogUtils.swift; sourceTree = "<group>"; };
		996971951C79D05B0014777E /* TweetDetailsViewController.swift */ = {isa = PBXFileReference; fileEncoding = 4; lastKnownFileType = sourcecode.swift; name = TweetDetailsViewController.swift; path = Pio/TweetDetailsViewController.swift; sourceTree = "<group>"; };
		996971971C79D0880014777E /* ComposerViewController.swift */ = {isa = PBXFileReference; fileEncoding = 4; lastKnownFileType = sourcecode.swift; name = ComposerViewController.swift; path = Pio/ComposerViewController.swift; sourceTree = "<group>"; };
		999CAEAC1C76F51B00CECA57 /* StringExtensions.swift */ = {isa = PBXFileReference; fileEncoding = 4; lastKnownFileType = sourcecode.swift; path = StringExtensions.swift; sourceTree = "<group>"; };
		999CAEB01C771BFD00CECA57 /* User.swift */ = {isa = PBXFileReference; fileEncoding = 4; lastKnownFileType = sourcecode.swift; path = User.swift; sourceTree = "<group>"; };
		999CAEB31C78313000CECA57 /* UserManager.swift */ = {isa = PBXFileReference; fileEncoding = 4; lastKnownFileType = sourcecode.swift; path = UserManager.swift; sourceTree = "<group>"; };
		99A96B111C7850B800FC3577 /* TweetsViewController.swift */ = {isa = PBXFileReference; fileEncoding = 4; lastKnownFileType = sourcecode.swift; name = TweetsViewController.swift; path = Pio/TweetsViewController.swift; sourceTree = "<group>"; };
/* End PBXFileReference section */

/* Begin PBXFrameworksBuildPhase section */
		992AA46A1C742FCB00B896F0 /* Frameworks */ = {
			isa = PBXFrameworksBuildPhase;
			buildActionMask = 2147483647;
			files = (
				C6168019DCDEB3D903C2BC9A /* Pods_Pio.framework in Frameworks */,
			);
			runOnlyForDeploymentPostprocessing = 0;
		};
/* End PBXFrameworksBuildPhase section */

/* Begin PBXGroup section */
		30003FFD835ED4DC3F53AA1E /* Pods */ = {
			isa = PBXGroup;
			children = (
				1B3BFE8514F449D49BA77500 /* Pods-Pio.debug.xcconfig */,
				96717D72404FEA42D2988AC1 /* Pods-Pio.release.xcconfig */,
			);
			name = Pods;
			sourceTree = "<group>";
		};
		7FE9BE1A1C10E34CEC6670AA /* Frameworks */ = {
			isa = PBXGroup;
			children = (
				662FBA258641DB11B061CEE1 /* Pods_Pio.framework */,
			);
			name = Frameworks;
			sourceTree = "<group>";
		};
		992AA4641C742FCB00B896F0 = {
			isa = PBXGroup;
			children = (
				992AA46F1C742FCB00B896F0 /* Pio */,
				992AA46E1C742FCB00B896F0 /* Products */,
				30003FFD835ED4DC3F53AA1E /* Pods */,
				7FE9BE1A1C10E34CEC6670AA /* Frameworks */,
			);
			sourceTree = "<group>";
		};
		992AA46E1C742FCB00B896F0 /* Products */ = {
			isa = PBXGroup;
			children = (
				992AA46D1C742FCB00B896F0 /* Pio.app */,
			);
			name = Products;
			sourceTree = "<group>";
		};
		992AA46F1C742FCB00B896F0 /* Pio */ = {
			isa = PBXGroup;
			children = (
				9969718E1C79550C0014777E /* DataSources */,
				9969718B1C793D560014777E /* Views */,
				9969718A1C7937210014777E /* StoryBoards */,
				999CAEB21C78310B00CECA57 /* User Management */,
				999CAEAF1C771B1700CECA57 /* Models */,
				999CAEAE1C76F52C00CECA57 /* ViewControllers */,
				999CAEAB1C76F4FA00CECA57 /* Extensions */,
				992AA4821C743D1A00B896F0 /* Networking */,
				992AA4701C742FCB00B896F0 /* AppDelegate.swift */,
				992AA4771C742FCB00B896F0 /* Assets.xcassets */,
				992AA47C1C742FCB00B896F0 /* Info.plist */,
			);
			path = Pio;
			sourceTree = "<group>";
		};
		992AA4821C743D1A00B896F0 /* Networking */ = {
			isa = PBXGroup;
			children = (
				992AA4831C7444BA00B896F0 /* TwitterService.swift */,
			);
			name = Networking;
			sourceTree = "<group>";
		};
		9969718A1C7937210014777E /* StoryBoards */ = {
			isa = PBXGroup;
			children = (
				992AA4741C742FCB00B896F0 /* Main.storyboard */,
				992AA4791C742FCB00B896F0 /* LaunchScreen.storyboard */,
			);
			name = StoryBoards;
			sourceTree = "<group>";
		};
		9969718B1C793D560014777E /* Views */ = {
			isa = PBXGroup;
			children = (
				9969718C1C794C880014777E /* TweetTableViewCell.swift */,
				996971931C798D3A0014777E /* DialogUtils.swift */,
			);
			name = Views;
			sourceTree = "<group>";
		};
		9969718E1C79550C0014777E /* DataSources */ = {
			isa = PBXGroup;
			children = (
				9969718F1C79552A0014777E /* TweetDataSource.swift */,
			);
			name = DataSources;
			sourceTree = "<group>";
		};
		999CAEAB1C76F4FA00CECA57 /* Extensions */ = {
			isa = PBXGroup;
			children = (
				996971881C79356B0014777E /* UIImageView+Loading.swift */,
				999CAEAC1C76F51B00CECA57 /* StringExtensions.swift */,
			);
			name = Extensions;
			sourceTree = "<group>";
		};
		999CAEAE1C76F52C00CECA57 /* ViewControllers */ = {
			isa = PBXGroup;
			children = (
				996971971C79D0880014777E /* ComposerViewController.swift */,
				992AA4721C742FCB00B896F0 /* NoCredentialsViewController.swift */,
				99A96B111C7850B800FC3577 /* TweetsViewController.swift */,
				996971951C79D05B0014777E /* TweetDetailsViewController.swift */,
			);
			name = ViewControllers;
			path = ..;
			sourceTree = "<group>";
		};
		999CAEAF1C771B1700CECA57 /* Models */ = {
			isa = PBXGroup;
			children = (
				999CAEB01C771BFD00CECA57 /* User.swift */,
				996971861C78732B0014777E /* Tweet.swift */,
			);
			name = Models;
			sourceTree = "<group>";
		};
		999CAEB21C78310B00CECA57 /* User Management */ = {
			isa = PBXGroup;
			children = (
				999CAEB31C78313000CECA57 /* UserManager.swift */,
			);
			name = "User Management";
			sourceTree = "<group>";
		};
/* End PBXGroup section */

/* Begin PBXNativeTarget section */
		992AA46C1C742FCB00B896F0 /* Pio */ = {
			isa = PBXNativeTarget;
			buildConfigurationList = 992AA47F1C742FCB00B896F0 /* Build configuration list for PBXNativeTarget "Pio" */;
			buildPhases = (
				1C9C7532A878D26AAAADC6EF /* Check Pods Manifest.lock */,
				992AA4691C742FCB00B896F0 /* Sources */,
				992AA46A1C742FCB00B896F0 /* Frameworks */,
				992AA46B1C742FCB00B896F0 /* Resources */,
				A6C984A2BACE1A1B002EBA40 /* Embed Pods Frameworks */,
				D4EDF3ACF850AB678146FC84 /* Copy Pods Resources */,
			);
			buildRules = (
			);
			dependencies = (
			);
			name = Pio;
			productName = Pio;
			productReference = 992AA46D1C742FCB00B896F0 /* Pio.app */;
			productType = "com.apple.product-type.application";
		};
/* End PBXNativeTarget section */

/* Begin PBXProject section */
		992AA4651C742FCB00B896F0 /* Project object */ = {
			isa = PBXProject;
			attributes = {
				LastSwiftUpdateCheck = 0720;
				LastUpgradeCheck = 0720;
				ORGANIZATIONNAME = Orion;
				TargetAttributes = {
					992AA46C1C742FCB00B896F0 = {
						CreatedOnToolsVersion = 7.2.1;
						DevelopmentTeam = Y7W4KP26TC;
					};
				};
			};
			buildConfigurationList = 992AA4681C742FCB00B896F0 /* Build configuration list for PBXProject "Pio" */;
			compatibilityVersion = "Xcode 3.2";
			developmentRegion = English;
			hasScannedForEncodings = 0;
			knownRegions = (
				en,
				Base,
			);
			mainGroup = 992AA4641C742FCB00B896F0;
			productRefGroup = 992AA46E1C742FCB00B896F0 /* Products */;
			projectDirPath = "";
			projectRoot = "";
			targets = (
				992AA46C1C742FCB00B896F0 /* Pio */,
			);
		};
/* End PBXProject section */

/* Begin PBXResourcesBuildPhase section */
		992AA46B1C742FCB00B896F0 /* Resources */ = {
			isa = PBXResourcesBuildPhase;
			buildActionMask = 2147483647;
			files = (
				992AA47B1C742FCB00B896F0 /* LaunchScreen.storyboard in Resources */,
				992AA4781C742FCB00B896F0 /* Assets.xcassets in Resources */,
				992AA4761C742FCB00B896F0 /* Main.storyboard in Resources */,
			);
			runOnlyForDeploymentPostprocessing = 0;
		};
/* End PBXResourcesBuildPhase section */

/* Begin PBXShellScriptBuildPhase section */
		1C9C7532A878D26AAAADC6EF /* Check Pods Manifest.lock */ = {
			isa = PBXShellScriptBuildPhase;
			buildActionMask = 2147483647;
			files = (
			);
			inputPaths = (
			);
			name = "Check Pods Manifest.lock";
			outputPaths = (
			);
			runOnlyForDeploymentPostprocessing = 0;
			shellPath = /bin/sh;
			shellScript = "diff \"${PODS_ROOT}/../Podfile.lock\" \"${PODS_ROOT}/Manifest.lock\" > /dev/null\nif [[ $? != 0 ]] ; then\n    cat << EOM\nerror: The sandbox is not in sync with the Podfile.lock. Run 'pod install' or update your CocoaPods installation.\nEOM\n    exit 1\nfi\n";
			showEnvVarsInLog = 0;
		};
		A6C984A2BACE1A1B002EBA40 /* Embed Pods Frameworks */ = {
			isa = PBXShellScriptBuildPhase;
			buildActionMask = 2147483647;
			files = (
			);
			inputPaths = (
			);
			name = "Embed Pods Frameworks";
			outputPaths = (
			);
			runOnlyForDeploymentPostprocessing = 0;
			shellPath = /bin/sh;
			shellScript = "\"${SRCROOT}/Pods/Target Support Files/Pods-Pio/Pods-Pio-frameworks.sh\"\n";
			showEnvVarsInLog = 0;
		};
		D4EDF3ACF850AB678146FC84 /* Copy Pods Resources */ = {
			isa = PBXShellScriptBuildPhase;
			buildActionMask = 2147483647;
			files = (
			);
			inputPaths = (
			);
			name = "Copy Pods Resources";
			outputPaths = (
			);
			runOnlyForDeploymentPostprocessing = 0;
			shellPath = /bin/sh;
			shellScript = "\"${SRCROOT}/Pods/Target Support Files/Pods-Pio/Pods-Pio-resources.sh\"\n";
			showEnvVarsInLog = 0;
		};
/* End PBXShellScriptBuildPhase section */

/* Begin PBXSourcesBuildPhase section */
		992AA4691C742FCB00B896F0 /* Sources */ = {
			isa = PBXSourcesBuildPhase;
			buildActionMask = 2147483647;
			files = (
				999CAEB41C78313000CECA57 /* UserManager.swift in Sources */,
				999CAEAD1C76F51B00CECA57 /* StringExtensions.swift in Sources */,
				996971891C79356B0014777E /* UIImageView+Loading.swift in Sources */,
				996971901C79552A0014777E /* TweetDataSource.swift in Sources */,
				9969718D1C794C880014777E /* TweetTableViewCell.swift in Sources */,
				996971941C798D3A0014777E /* DialogUtils.swift in Sources */,
				996971981C79D0880014777E /* ComposerViewController.swift in Sources */,
				992AA4731C742FCB00B896F0 /* NoCredentialsViewController.swift in Sources */,
				992AA4711C742FCB00B896F0 /* AppDelegate.swift in Sources */,
				99A96B121C7850B800FC3577 /* TweetsViewController.swift in Sources */,
				999CAEB11C771BFD00CECA57 /* User.swift in Sources */,
				992AA4841C7444BA00B896F0 /* TwitterService.swift in Sources */,
				996971961C79D05B0014777E /* TweetDetailsViewController.swift in Sources */,
				996971871C78732B0014777E /* Tweet.swift in Sources */,
			);
			runOnlyForDeploymentPostprocessing = 0;
		};
/* End PBXSourcesBuildPhase section */

/* Begin PBXVariantGroup section */
		992AA4741C742FCB00B896F0 /* Main.storyboard */ = {
			isa = PBXVariantGroup;
			children = (
				992AA4751C742FCB00B896F0 /* Base */,
			);
			name = Main.storyboard;
			sourceTree = "<group>";
		};
		992AA4791C742FCB00B896F0 /* LaunchScreen.storyboard */ = {
			isa = PBXVariantGroup;
			children = (
				992AA47A1C742FCB00B896F0 /* Base */,
			);
			name = LaunchScreen.storyboard;
			sourceTree = "<group>";
		};
/* End PBXVariantGroup section */

/* Begin XCBuildConfiguration section */
		992AA47D1C742FCB00B896F0 /* Debug */ = {
			isa = XCBuildConfiguration;
			buildSettings = {
				ALWAYS_SEARCH_USER_PATHS = NO;
				CLANG_CXX_LANGUAGE_STANDARD = "gnu++0x";
				CLANG_CXX_LIBRARY = "libc++";
				CLANG_ENABLE_MODULES = YES;
				CLANG_ENABLE_OBJC_ARC = YES;
				CLANG_WARN_BOOL_CONVERSION = YES;
				CLANG_WARN_CONSTANT_CONVERSION = YES;
				CLANG_WARN_DIRECT_OBJC_ISA_USAGE = YES_ERROR;
				CLANG_WARN_EMPTY_BODY = YES;
				CLANG_WARN_ENUM_CONVERSION = YES;
				CLANG_WARN_INT_CONVERSION = YES;
				CLANG_WARN_OBJC_ROOT_CLASS = YES_ERROR;
				CLANG_WARN_UNREACHABLE_CODE = YES;
				CLANG_WARN__DUPLICATE_METHOD_MATCH = YES;
				"CODE_SIGN_IDENTITY[sdk=iphoneos*]" = "iPhone Developer";
				COPY_PHASE_STRIP = NO;
				DEBUG_INFORMATION_FORMAT = dwarf;
				ENABLE_STRICT_OBJC_MSGSEND = YES;
				ENABLE_TESTABILITY = YES;
				GCC_C_LANGUAGE_STANDARD = gnu99;
				GCC_DYNAMIC_NO_PIC = NO;
				GCC_NO_COMMON_BLOCKS = YES;
				GCC_OPTIMIZATION_LEVEL = 0;
				GCC_PREPROCESSOR_DEFINITIONS = (
					"DEBUG=1",
					"$(inherited)",
				);
				GCC_WARN_64_TO_32_BIT_CONVERSION = YES;
				GCC_WARN_ABOUT_RETURN_TYPE = YES_ERROR;
				GCC_WARN_UNDECLARED_SELECTOR = YES;
				GCC_WARN_UNINITIALIZED_AUTOS = YES_AGGRESSIVE;
				GCC_WARN_UNUSED_FUNCTION = YES;
				GCC_WARN_UNUSED_VARIABLE = YES;
				IPHONEOS_DEPLOYMENT_TARGET = 9.2;
				MTL_ENABLE_DEBUG_INFO = YES;
				ONLY_ACTIVE_ARCH = YES;
				SDKROOT = iphoneos;
				SWIFT_OPTIMIZATION_LEVEL = "-Onone";
			};
			name = Debug;
		};
		992AA47E1C742FCB00B896F0 /* Release */ = {
			isa = XCBuildConfiguration;
			buildSettings = {
				ALWAYS_SEARCH_USER_PATHS = NO;
				CLANG_CXX_LANGUAGE_STANDARD = "gnu++0x";
				CLANG_CXX_LIBRARY = "libc++";
				CLANG_ENABLE_MODULES = YES;
				CLANG_ENABLE_OBJC_ARC = YES;
				CLANG_WARN_BOOL_CONVERSION = YES;
				CLANG_WARN_CONSTANT_CONVERSION = YES;
				CLANG_WARN_DIRECT_OBJC_ISA_USAGE = YES_ERROR;
				CLANG_WARN_EMPTY_BODY = YES;
				CLANG_WARN_ENUM_CONVERSION = YES;
				CLANG_WARN_INT_CONVERSION = YES;
				CLANG_WARN_OBJC_ROOT_CLASS = YES_ERROR;
				CLANG_WARN_UNREACHABLE_CODE = YES;
				CLANG_WARN__DUPLICATE_METHOD_MATCH = YES;
				"CODE_SIGN_IDENTITY[sdk=iphoneos*]" = "iPhone Developer";
				COPY_PHASE_STRIP = NO;
				DEBUG_INFORMATION_FORMAT = "dwarf-with-dsym";
				ENABLE_NS_ASSERTIONS = NO;
				ENABLE_STRICT_OBJC_MSGSEND = YES;
				GCC_C_LANGUAGE_STANDARD = gnu99;
				GCC_NO_COMMON_BLOCKS = YES;
				GCC_WARN_64_TO_32_BIT_CONVERSION = YES;
				GCC_WARN_ABOUT_RETURN_TYPE = YES_ERROR;
				GCC_WARN_UNDECLARED_SELECTOR = YES;
				GCC_WARN_UNINITIALIZED_AUTOS = YES_AGGRESSIVE;
				GCC_WARN_UNUSED_FUNCTION = YES;
				GCC_WARN_UNUSED_VARIABLE = YES;
				IPHONEOS_DEPLOYMENT_TARGET = 9.2;
				MTL_ENABLE_DEBUG_INFO = NO;
				SDKROOT = iphoneos;
				VALIDATE_PRODUCT = YES;
			};
			name = Release;
		};
		992AA4801C742FCB00B896F0 /* Debug */ = {
			isa = XCBuildConfiguration;
			baseConfigurationReference = 1B3BFE8514F449D49BA77500 /* Pods-Pio.debug.xcconfig */;
			buildSettings = {
				ASSETCATALOG_COMPILER_APPICON_NAME = AppIcon;
				INFOPLIST_FILE = Pio/Info.plist;
				LD_RUNPATH_SEARCH_PATHS = "$(inherited) @executable_path/Frameworks";
				PRODUCT_BUNDLE_IDENTIFIER = it.oriani.Pio;
				PRODUCT_NAME = "$(TARGET_NAME)";
			};
			name = Debug;
		};
		992AA4811C742FCB00B896F0 /* Release */ = {
			isa = XCBuildConfiguration;
			baseConfigurationReference = 96717D72404FEA42D2988AC1 /* Pods-Pio.release.xcconfig */;
			buildSettings = {
				ASSETCATALOG_COMPILER_APPICON_NAME = AppIcon;
				INFOPLIST_FILE = Pio/Info.plist;
				LD_RUNPATH_SEARCH_PATHS = "$(inherited) @executable_path/Frameworks";
				PRODUCT_BUNDLE_IDENTIFIER = it.oriani.Pio;
				PRODUCT_NAME = "$(TARGET_NAME)";
			};
			name = Release;
		};
/* End XCBuildConfiguration section */

/* Begin XCConfigurationList section */
		992AA4681C742FCB00B896F0 /* Build configuration list for PBXProject "Pio" */ = {
			isa = XCConfigurationList;
			buildConfigurations = (
				992AA47D1C742FCB00B896F0 /* Debug */,
				992AA47E1C742FCB00B896F0 /* Release */,
			);
			defaultConfigurationIsVisible = 0;
			defaultConfigurationName = Release;
		};
		992AA47F1C742FCB00B896F0 /* Build configuration list for PBXNativeTarget "Pio" */ = {
			isa = XCConfigurationList;
			buildConfigurations = (
				992AA4801C742FCB00B896F0 /* Debug */,
				992AA4811C742FCB00B896F0 /* Release */,
			);
			defaultConfigurationIsVisible = 0;
			defaultConfigurationName = Release;
		};
/* End XCConfigurationList section */
	};
	rootObject = 992AA4651C742FCB00B896F0 /* Project object */;
}
